
Microsoft Visual Studio Solution File, Format Version 12.00
# Visual Studio Version 17
VisualStudioVersion = 17.11.35327.3
MinimumVisualStudioVersion = 10.0.40219.1
Project("{9A19103F-16F7-4668-BE54-9A1E7A4F7556}") = "AlyxLibInstaller", "AlyxLibInstaller\AlyxLibInstaller.csproj", "{9E9D781E-5F6B-46E9-BBD3-B530B535BE6C}"
EndProject
Project("{9A19103F-16F7-4668-BE54-9A1E7A4F7556}") = "Source2HelperLibrary", "..\Source2HelperLibrary\Source2HelperLibrary\Source2HelperLibrary.csproj", "{7AFDB41C-0142-428F-B5D8-ECB4FC36F861}"
EndProject
Project("{FAE04EC0-301F-11D3-BF4B-00C04F79EFBC}") = "AlyxLibInstallerForms", "AlyxLibInstallerForms\AlyxLibInstallerForms.csproj", "{0EEC713F-853D-4A79-9C06-BC8B28A1A13D}"
EndProject
Project("{FAE04EC0-301F-11D3-BF4B-00C04F79EFBC}") = "FileDeployment", "FileDeployment\FileDeployment.csproj", "{81A71E91-2643-428B-AA9F-83C882B99939}"
EndProject
Project("{FAE04EC0-301F-11D3-BF4B-00C04F79EFBC}") = "FileDeploymentTests", "FileDeploymentTests\FileDeploymentTests.csproj", "{2EC3A942-C769-4D13-BC48-D3AA79B74AB7}"
EndProject
Project("{FAE04EC0-301F-11D3-BF4B-00C04F79EFBC}") = "App1", "App1\App1.csproj", "{921D30B8-E25A-4FEC-BE08-E965CFF5F215}"
EndProject
Global
	GlobalSection(SolutionConfigurationPlatforms) = preSolution
		Debug|Any CPU = Debug|Any CPU
		Debug|ARM64 = Debug|ARM64
		Debug|x64 = Debug|x64
		Debug|x86 = Debug|x86
		Release|Any CPU = Release|Any CPU
		Release|ARM64 = Release|ARM64
		Release|x64 = Release|x64
		Release|x86 = Release|x86
	EndGlobalSection
	GlobalSection(ProjectConfigurationPlatforms) = postSolution
		{9E9D781E-5F6B-46E9-BBD3-B530B535BE6C}.Debug|Any CPU.ActiveCfg = Debug|x64
		{9E9D781E-5F6B-46E9-BBD3-B530B535BE6C}.Debug|Any CPU.Build.0 = Debug|x64
		{9E9D781E-5F6B-46E9-BBD3-B530B535BE6C}.Debug|Any CPU.Deploy.0 = Debug|x64
		{9E9D781E-5F6B-46E9-BBD3-B530B535BE6C}.Debug|ARM64.ActiveCfg = Debug|ARM64
		{9E9D781E-5F6B-46E9-BBD3-B530B535BE6C}.Debug|ARM64.Build.0 = Debug|ARM64
		{9E9D781E-5F6B-46E9-BBD3-B530B535BE6C}.Debug|ARM64.Deploy.0 = Debug|ARM64
		{9E9D781E-5F6B-46E9-BBD3-B530B535BE6C}.Debug|x64.ActiveCfg = Debug|x64
		{9E9D781E-5F6B-46E9-BBD3-B530B535BE6C}.Debug|x64.Build.0 = Debug|x64
		{9E9D781E-5F6B-46E9-BBD3-B530B535BE6C}.Debug|x64.Deploy.0 = Debug|x64
		{9E9D781E-5F6B-46E9-BBD3-B530B535BE6C}.Debug|x86.ActiveCfg = Debug|x86
		{9E9D781E-5F6B-46E9-BBD3-B530B535BE6C}.Debug|x86.Build.0 = Debug|x86
		{9E9D781E-5F6B-46E9-BBD3-B530B535BE6C}.Debug|x86.Deploy.0 = Debug|x86
		{9E9D781E-5F6B-46E9-BBD3-B530B535BE6C}.Release|Any CPU.ActiveCfg = Release|x64
		{9E9D781E-5F6B-46E9-BBD3-B530B535BE6C}.Release|Any CPU.Build.0 = Release|x64
		{9E9D781E-5F6B-46E9-BBD3-B530B535BE6C}.Release|Any CPU.Deploy.0 = Release|x64
		{9E9D781E-5F6B-46E9-BBD3-B530B535BE6C}.Release|ARM64.ActiveCfg = Release|ARM64
		{9E9D781E-5F6B-46E9-BBD3-B530B535BE6C}.Release|ARM64.Build.0 = Release|ARM64
		{9E9D781E-5F6B-46E9-BBD3-B530B535BE6C}.Release|ARM64.Deploy.0 = Release|ARM64
		{9E9D781E-5F6B-46E9-BBD3-B530B535BE6C}.Release|x64.ActiveCfg = Release|x64
		{9E9D781E-5F6B-46E9-BBD3-B530B535BE6C}.Release|x64.Build.0 = Release|x64
		{9E9D781E-5F6B-46E9-BBD3-B530B535BE6C}.Release|x64.Deploy.0 = Release|x64
		{9E9D781E-5F6B-46E9-BBD3-B530B535BE6C}.Release|x86.ActiveCfg = Release|x86
		{9E9D781E-5F6B-46E9-BBD3-B530B535BE6C}.Release|x86.Build.0 = Release|x86
		{9E9D781E-5F6B-46E9-BBD3-B530B535BE6C}.Release|x86.Deploy.0 = Release|x86
		{7AFDB41C-0142-428F-B5D8-ECB4FC36F861}.Debug|Any CPU.ActiveCfg = Debug|Any CPU
		{7AFDB41C-0142-428F-B5D8-ECB4FC36F861}.Debug|Any CPU.Build.0 = Debug|Any CPU
		{7AFDB41C-0142-428F-B5D8-ECB4FC36F861}.Debug|ARM64.ActiveCfg = Debug|Any CPU
		{7AFDB41C-0142-428F-B5D8-ECB4FC36F861}.Debug|ARM64.Build.0 = Debug|Any CPU
		{7AFDB41C-0142-428F-B5D8-ECB4FC36F861}.Debug|x64.ActiveCfg = Debug|Any CPU
		{7AFDB41C-0142-428F-B5D8-ECB4FC36F861}.Debug|x64.Build.0 = Debug|Any CPU
		{7AFDB41C-0142-428F-B5D8-ECB4FC36F861}.Debug|x86.ActiveCfg = Debug|Any CPU
		{7AFDB41C-0142-428F-B5D8-ECB4FC36F861}.Debug|x86.Build.0 = Debug|Any CPU
		{7AFDB41C-0142-428F-B5D8-ECB4FC36F861}.Release|Any CPU.ActiveCfg = Release|Any CPU
		{7AFDB41C-0142-428F-B5D8-ECB4FC36F861}.Release|Any CPU.Build.0 = Release|Any CPU
		{7AFDB41C-0142-428F-B5D8-ECB4FC36F861}.Release|ARM64.ActiveCfg = Release|Any CPU
		{7AFDB41C-0142-428F-B5D8-ECB4FC36F861}.Release|ARM64.Build.0 = Release|Any CPU
		{7AFDB41C-0142-428F-B5D8-ECB4FC36F861}.Release|x64.ActiveCfg = Release|Any CPU
		{7AFDB41C-0142-428F-B5D8-ECB4FC36F861}.Release|x64.Build.0 = Release|Any CPU
		{7AFDB41C-0142-428F-B5D8-ECB4FC36F861}.Release|x86.ActiveCfg = Release|Any CPU
		{7AFDB41C-0142-428F-B5D8-ECB4FC36F861}.Release|x86.Build.0 = Release|Any CPU
		{0EEC713F-853D-4A79-9C06-BC8B28A1A13D}.Debug|Any CPU.ActiveCfg = Debug|Any CPU
		{0EEC713F-853D-4A79-9C06-BC8B28A1A13D}.Debug|Any CPU.Build.0 = Debug|Any CPU
		{0EEC713F-853D-4A79-9C06-BC8B28A1A13D}.Debug|ARM64.ActiveCfg = Debug|Any CPU
		{0EEC713F-853D-4A79-9C06-BC8B28A1A13D}.Debug|ARM64.Build.0 = Debug|Any CPU
		{0EEC713F-853D-4A79-9C06-BC8B28A1A13D}.Debug|x64.ActiveCfg = Debug|Any CPU
		{0EEC713F-853D-4A79-9C06-BC8B28A1A13D}.Debug|x64.Build.0 = Debug|Any CPU
		{0EEC713F-853D-4A79-9C06-BC8B28A1A13D}.Debug|x86.ActiveCfg = Debug|Any CPU
		{0EEC713F-853D-4A79-9C06-BC8B28A1A13D}.Debug|x86.Build.0 = Debug|Any CPU
		{0EEC713F-853D-4A79-9C06-BC8B28A1A13D}.Release|Any CPU.ActiveCfg = Release|Any CPU
		{0EEC713F-853D-4A79-9C06-BC8B28A1A13D}.Release|Any CPU.Build.0 = Release|Any CPU
		{0EEC713F-853D-4A79-9C06-BC8B28A1A13D}.Release|ARM64.ActiveCfg = Release|Any CPU
		{0EEC713F-853D-4A79-9C06-BC8B28A1A13D}.Release|ARM64.Build.0 = Release|Any CPU
		{0EEC713F-853D-4A79-9C06-BC8B28A1A13D}.Release|x64.ActiveCfg = Release|Any CPU
		{0EEC713F-853D-4A79-9C06-BC8B28A1A13D}.Release|x64.Build.0 = Release|Any CPU
		{0EEC713F-853D-4A79-9C06-BC8B28A1A13D}.Release|x86.ActiveCfg = Release|Any CPU
		{0EEC713F-853D-4A79-9C06-BC8B28A1A13D}.Release|x86.Build.0 = Release|Any CPU
		{81A71E91-2643-428B-AA9F-83C882B99939}.Debug|Any CPU.ActiveCfg = Debug|Any CPU
		{81A71E91-2643-428B-AA9F-83C882B99939}.Debug|Any CPU.Build.0 = Debug|Any CPU
		{81A71E91-2643-428B-AA9F-83C882B99939}.Debug|ARM64.ActiveCfg = Debug|Any CPU
		{81A71E91-2643-428B-AA9F-83C882B99939}.Debug|ARM64.Build.0 = Debug|Any CPU
		{81A71E91-2643-428B-AA9F-83C882B99939}.Debug|x64.ActiveCfg = Debug|Any CPU
		{81A71E91-2643-428B-AA9F-83C882B99939}.Debug|x64.Build.0 = Debug|Any CPU
		{81A71E91-2643-428B-AA9F-83C882B99939}.Debug|x86.ActiveCfg = Debug|Any CPU
		{81A71E91-2643-428B-AA9F-83C882B99939}.Debug|x86.Build.0 = Debug|Any CPU
		{81A71E91-2643-428B-AA9F-83C882B99939}.Release|Any CPU.ActiveCfg = Release|Any CPU
		{81A71E91-2643-428B-AA9F-83C882B99939}.Release|Any CPU.Build.0 = Release|Any CPU
		{81A71E91-2643-428B-AA9F-83C882B99939}.Release|ARM64.ActiveCfg = Release|Any CPU
		{81A71E91-2643-428B-AA9F-83C882B99939}.Release|ARM64.Build.0 = Release|Any CPU
		{81A71E91-2643-428B-AA9F-83C882B99939}.Release|x64.ActiveCfg = Release|Any CPU
		{81A71E91-2643-428B-AA9F-83C882B99939}.Release|x64.Build.0 = Release|Any CPU
		{81A71E91-2643-428B-AA9F-83C882B99939}.Release|x86.ActiveCfg = Release|Any CPU
		{81A71E91-2643-428B-AA9F-83C882B99939}.Release|x86.Build.0 = Release|Any CPU
		{2EC3A942-C769-4D13-BC48-D3AA79B74AB7}.Debug|Any CPU.ActiveCfg = Debug|Any CPU
		{2EC3A942-C769-4D13-BC48-D3AA79B74AB7}.Debug|Any CPU.Build.0 = Debug|Any CPU
		{2EC3A942-C769-4D13-BC48-D3AA79B74AB7}.Debug|ARM64.ActiveCfg = Debug|Any CPU
		{2EC3A942-C769-4D13-BC48-D3AA79B74AB7}.Debug|ARM64.Build.0 = Debug|Any CPU
		{2EC3A942-C769-4D13-BC48-D3AA79B74AB7}.Debug|x64.ActiveCfg = Debug|Any CPU
		{2EC3A942-C769-4D13-BC48-D3AA79B74AB7}.Debug|x64.Build.0 = Debug|Any CPU
		{2EC3A942-C769-4D13-BC48-D3AA79B74AB7}.Debug|x86.ActiveCfg = Debug|Any CPU
		{2EC3A942-C769-4D13-BC48-D3AA79B74AB7}.Debug|x86.Build.0 = Debug|Any CPU
		{2EC3A942-C769-4D13-BC48-D3AA79B74AB7}.Release|Any CPU.ActiveCfg = Release|Any CPU
		{2EC3A942-C769-4D13-BC48-D3AA79B74AB7}.Release|Any CPU.Build.0 = Release|Any CPU
		{2EC3A942-C769-4D13-BC48-D3AA79B74AB7}.Release|ARM64.ActiveCfg = Release|Any CPU
		{2EC3A942-C769-4D13-BC48-D3AA79B74AB7}.Release|ARM64.Build.0 = Release|Any CPU
		{2EC3A942-C769-4D13-BC48-D3AA79B74AB7}.Release|x64.ActiveCfg = Release|Any CPU
		{2EC3A942-C769-4D13-BC48-D3AA79B74AB7}.Release|x64.Build.0 = Release|Any CPU
		{2EC3A942-C769-4D13-BC48-D3AA79B74AB7}.Release|x86.ActiveCfg = Release|Any CPU
		{2EC3A942-C769-4D13-BC48-D3AA79B74AB7}.Release|x86.Build.0 = Release|Any CPU
		{921D30B8-E25A-4FEC-BE08-E965CFF5F215}.Debug|Any CPU.ActiveCfg = Debug|x64
		{921D30B8-E25A-4FEC-BE08-E965CFF5F215}.Debug|Any CPU.Build.0 = Debug|x64
		{921D30B8-E25A-4FEC-BE08-E965CFF5F215}.Debug|Any CPU.Deploy.0 = Debug|x64
		{921D30B8-E25A-4FEC-BE08-E965CFF5F215}.Debug|ARM64.ActiveCfg = Debug|ARM64
		{921D30B8-E25A-4FEC-BE08-E965CFF5F215}.Debug|ARM64.Build.0 = Debug|ARM64
		{921D30B8-E25A-4FEC-BE08-E965CFF5F215}.Debug|ARM64.Deploy.0 = Debug|ARM64
		{921D30B8-E25A-4FEC-BE08-E965CFF5F215}.Debug|x64.ActiveCfg = Debug|x64
		{921D30B8-E25A-4FEC-BE08-E965CFF5F215}.Debug|x64.Build.0 = Debug|x64
		{921D30B8-E25A-4FEC-BE08-E965CFF5F215}.Debug|x64.Deploy.0 = Debug|x64
		{921D30B8-E25A-4FEC-BE08-E965CFF5F215}.Debug|x86.ActiveCfg = Debug|x86
		{921D30B8-E25A-4FEC-BE08-E965CFF5F215}.Debug|x86.Build.0 = Debug|x86
		{921D30B8-E25A-4FEC-BE08-E965CFF5F215}.Debug|x86.Deploy.0 = Debug|x86
		{921D30B8-E25A-4FEC-BE08-E965CFF5F215}.Release|Any CPU.ActiveCfg = Release|x64
		{921D30B8-E25A-4FEC-BE08-E965CFF5F215}.Release|Any CPU.Build.0 = Release|x64
		{921D30B8-E25A-4FEC-BE08-E965CFF5F215}.Release|Any CPU.Deploy.0 = Release|x64
		{921D30B8-E25A-4FEC-BE08-E965CFF5F215}.Release|ARM64.ActiveCfg = Release|ARM64
		{921D30B8-E25A-4FEC-BE08-E965CFF5F215}.Release|ARM64.Build.0 = Release|ARM64
		{921D30B8-E25A-4FEC-BE08-E965CFF5F215}.Release|ARM64.Deploy.0 = Release|ARM64
		{921D30B8-E25A-4FEC-BE08-E965CFF5F215}.Release|x64.ActiveCfg = Release|x64
		{921D30B8-E25A-4FEC-BE08-E965CFF5F215}.Release|x64.Build.0 = Release|x64
		{921D30B8-E25A-4FEC-BE08-E965CFF5F215}.Release|x64.Deploy.0 = Release|x64
		{921D30B8-E25A-4FEC-BE08-E965CFF5F215}.Release|x86.ActiveCfg = Release|x86
		{921D30B8-E25A-4FEC-BE08-E965CFF5F215}.Release|x86.Build.0 = Release|x86
		{921D30B8-E25A-4FEC-BE08-E965CFF5F215}.Release|x86.Deploy.0 = Release|x86
	EndGlobalSection
	GlobalSection(SolutionProperties) = preSolution
		HideSolutionNode = FALSE
	EndGlobalSection
	GlobalSection(ExtensibilityGlobals) = postSolution
		SolutionGuid = {9D8A740C-5E7F-4B69-818C-65BAA2AE05BC}
	EndGlobalSection
EndGlobal
